// !$*UTF8*$!
{
	archiveVersion = 1;
	classes = {
	};
	objectVersion = 56;
	objects = {

/* Begin PBXBuildFile section */
		09705E40846E22511B48D54C /* XLSXExporter.swift in Sources */ = {isa = PBXBuildFile; fileRef = 037B56C1AAC9E770C8B72D24 /* XLSXExporter.swift */; };
		0DD8DFC40466546954ED3A37 /* MarkersSettingsSheet.swift in Sources */ = {isa = PBXBuildFile; fileRef = 56FE813DD165BD1A9573EF21 /* MarkersSettingsSheet.swift */; };
		469CE7399C1263DEF5DDE525 /* NameCellView.swift in Sources */ = {isa = PBXBuildFile; fileRef = F5981F204915E75A7B198DB6 /* NameCellView.swift */; };
		5757635DB605A9B9DC710FAF /* MusicEDLColorsView.swift in Sources */ = {isa = PBXBuildFile; fileRef = DB76AC88A9BCBA1A285C54CB /* MusicEDLColorsView.swift */; };
		62FD7B60FC989662121429F7 /* SupportView.swift in Sources */ = {isa = PBXBuildFile; fileRef = 929CEB2AB4B10B97C2AB0217 /* SupportView.swift */; };
		9506D5951C26296A5ED7DD8A /* GogoToolbarButtonStyle.swift in Sources */ = {isa = PBXBuildFile; fileRef = A0A89FAA1B71097DCA7BEB80 /* GogoToolbarButtonStyle.swift */; };
		A10000000000000000000011 /* OdileApp.swift in Sources */ = {isa = PBXBuildFile; fileRef = A10000000000000000000001 /* OdileApp.swift */; };
		A10000000000000000000012 /* ContentView.swift in Sources */ = {isa = PBXBuildFile; fileRef = A10000000000000000000002 /* ContentView.swift */; };
		A10000000000000000000013 /* MusicEDLEntry.swift in Sources */ = {isa = PBXBuildFile; fileRef = A10000000000000000000003 /* MusicEDLEntry.swift */; };
		A10000000000000000000014 /* AppTheme.swift in Sources */ = {isa = PBXBuildFile; fileRef = A10000000000000000000004 /* AppTheme.swift */; };
		A10000000000000000000015 /* Extensions.swift in Sources */ = {isa = PBXBuildFile; fileRef = A10000000000000000000005 /* Extensions.swift */; };
		A10000000000000000000016 /* PTSLWrapper.mm in Sources */ = {isa = PBXBuildFile; fileRef = A10000000000000000000008 /* PTSLWrapper.mm */; };
		A10000000000000000000017 /* PTSLC_CPP.framework in Frameworks */ = {isa = PBXBuildFile; fileRef = A1000000000000000000000A /* PTSLC_CPP.framework */; };
		A10000000000000000000018 /* PTSLC_CPP.framework in CopyFiles */ = {isa = PBXBuildFile; fileRef = A1000000000000000000000A /* PTSLC_CPP.framework */; settings = {ATTRIBUTES = (CodeSignOnCopy, ); }; };
		A10000000000000000000019 /* Assets.xcassets in Resources */ = {isa = PBXBuildFile; fileRef = A1000000000000000000000B /* Assets.xcassets */; };
		A10000000000000000000064 /* Lobster-Regular.ttf in Resources */ = {isa = PBXBuildFile; fileRef = A10000000000000000000065 /* Lobster-Regular.ttf */; };
		E3AC82833437CA436133432E /* OdileViewModel.swift in Sources */ = {isa = PBXBuildFile; fileRef = 3FE8943DD43C591DA33C6CDE /* OdileViewModel.swift */; };
		EFD5ED25A1B2A3C72E977315 /* XLSXPreviewSheet.swift in Sources */ = {isa = PBXBuildFile; fileRef = 86E93D4988461C91C0D64553 /* XLSXPreviewSheet.swift */; };
/* End PBXBuildFile section */

/* Begin PBXCopyFilesBuildPhase section */
		A10000000000000000000024 /* CopyFiles */ = {
			isa = PBXCopyFilesBuildPhase;
			buildActionMask = 2147483647;
			dstPath = "";
			dstSubfolderSpec = 10;
			files = (
				A10000000000000000000018 /* PTSLC_CPP.framework in CopyFiles */,
			);
			runOnlyForDeploymentPostprocessing = 0;
		};
/* End PBXCopyFilesBuildPhase section */

/* Begin PBXFileReference section */
		037B56C1AAC9E770C8B72D24 /* XLSXExporter.swift */ = {isa = PBXFileReference; includeInIndex = 1; lastKnownFileType = sourcecode.swift; name = XLSXExporter.swift; path = App/Export/XLSXExporter.swift; sourceTree = "<group>"; };
		33B38FD7173D39D7825D4AD8 /* GeneratedAssetSymbols.swift */ = {isa = PBXFileReference; includeInIndex = 1; lastKnownFileType = sourcecode.swift; name = GeneratedAssetSymbols.swift; path = build/Build/Intermediates.noindex/Odile.build/Debug/Odile.build/DerivedSources/GeneratedAssetSymbols.swift; sourceTree = "<group>"; };
		3FE8943DD43C591DA33C6CDE /* OdileViewModel.swift */ = {isa = PBXFileReference; includeInIndex = 1; lastKnownFileType = sourcecode.swift; name = OdileViewModel.swift; path = App/OdileViewModel.swift; sourceTree = "<group>"; };
		56FE813DD165BD1A9573EF21 /* MarkersSettingsSheet.swift */ = {isa = PBXFileReference; includeInIndex = 1; lastKnownFileType = sourcecode.swift; name = MarkersSettingsSheet.swift; path = App/Views/Sheets/MarkersSettingsSheet.swift; sourceTree = "<group>"; };
		86E93D4988461C91C0D64553 /* XLSXPreviewSheet.swift */ = {isa = PBXFileReference; includeInIndex = 1; lastKnownFileType = sourcecode.swift; name = XLSXPreviewSheet.swift; path = App/Views/Sheets/XLSXPreviewSheet.swift; sourceTree = "<group>"; };
		929CEB2AB4B10B97C2AB0217 /* SupportView.swift */ = {isa = PBXFileReference; includeInIndex = 1; lastKnownFileType = sourcecode.swift; name = SupportView.swift; path = App/Views/Sheets/SupportView.swift; sourceTree = "<group>"; };
		A0A89FAA1B71097DCA7BEB80 /* GogoToolbarButtonStyle.swift */ = {isa = PBXFileReference; includeInIndex = 1; lastKnownFileType = sourcecode.swift; name = GogoToolbarButtonStyle.swift; path = App/Components/GogoToolbarButtonStyle.swift; sourceTree = "<group>"; };
		A10000000000000000000001 /* OdileApp.swift */ = {isa = PBXFileReference; lastKnownFileType = sourcecode.swift; path = OdileApp.swift; sourceTree = "<group>"; };
		A10000000000000000000002 /* ContentView.swift */ = {isa = PBXFileReference; lastKnownFileType = sourcecode.swift; path = ContentView.swift; sourceTree = "<group>"; };
		A10000000000000000000003 /* MusicEDLEntry.swift */ = {isa = PBXFileReference; lastKnownFileType = sourcecode.swift; path = MusicEDLEntry.swift; sourceTree = "<group>"; };
		A10000000000000000000004 /* AppTheme.swift */ = {isa = PBXFileReference; lastKnownFileType = sourcecode.swift; path = AppTheme.swift; sourceTree = "<group>"; };
		A10000000000000000000005 /* Extensions.swift */ = {isa = PBXFileReference; lastKnownFileType = sourcecode.swift; path = Extensions.swift; sourceTree = "<group>"; };
		A10000000000000000000006 /* Odile.app */ = {isa = PBXFileReference; explicitFileType = wrapper.application; includeInIndex = 0; path = Odile.app; sourceTree = BUILT_PRODUCTS_DIR; };
		A10000000000000000000007 /* PTSLWrapper.h */ = {isa = PBXFileReference; lastKnownFileType = sourcecode.c.h; path = PTSLWrapper.h; sourceTree = "<group>"; };
		A10000000000000000000008 /* PTSLWrapper.mm */ = {isa = PBXFileReference; lastKnownFileType = sourcecode.cpp.objcpp; path = PTSLWrapper.mm; sourceTree = "<group>"; };
		A10000000000000000000009 /* Odile-Bridging-Header.h */ = {isa = PBXFileReference; lastKnownFileType = sourcecode.c.h; path = "Odile-Bridging-Header.h"; sourceTree = "<group>"; };
		A1000000000000000000000A /* PTSLC_CPP.framework */ = {isa = PBXFileReference; lastKnownFileType = wrapper.framework; path = PTSLC_CPP.framework; sourceTree = "<group>"; };
		A1000000000000000000000B /* Assets.xcassets */ = {isa = PBXFileReference; lastKnownFileType = folder.assetcatalog; path = Assets.xcassets; sourceTree = "<group>"; };
		A10000000000000000000065 /* Lobster-Regular.ttf */ = {isa = PBXFileReference; lastKnownFileType = file; path = "Lobster-Regular.ttf"; sourceTree = "<group>"; };
		DB76AC88A9BCBA1A285C54CB /* MusicEDLColorsView.swift */ = {isa = PBXFileReference; includeInIndex = 1; lastKnownFileType = sourcecode.swift; name = MusicEDLColorsView.swift; path = App/Views/Sheets/MusicEDLColorsView.swift; sourceTree = "<group>"; };
		F5981F204915E75A7B198DB6 /* NameCellView.swift */ = {isa = PBXFileReference; includeInIndex = 1; lastKnownFileType = sourcecode.swift; name = NameCellView.swift; path = App/Components/NameCellView.swift; sourceTree = "<group>"; };
/* End PBXFileReference section */

/* Begin PBXFrameworksBuildPhase section */
		A10000000000000000000021 /* Frameworks */ = {
			isa = PBXFrameworksBuildPhase;
			buildActionMask = 2147483647;
			files = (
				A10000000000000000000017 /* PTSLC_CPP.framework in Frameworks */,
			);
			runOnlyForDeploymentPostprocessing = 0;
		};
/* End PBXFrameworksBuildPhase section */

/* Begin PBXGroup section */
		A10000000000000000000030 = {
			isa = PBXGroup;
			children = (
				A10000000000000000000031 /* App */,
				A10000000000000000000035 /* Vendor */,
				A10000000000000000000032 /* Products */,
				3FE8943DD43C591DA33C6CDE /* OdileViewModel.swift */,
				F5981F204915E75A7B198DB6 /* NameCellView.swift */,
				A0A89FAA1B71097DCA7BEB80 /* GogoToolbarButtonStyle.swift */,
				037B56C1AAC9E770C8B72D24 /* XLSXExporter.swift */,
				86E93D4988461C91C0D64553 /* XLSXPreviewSheet.swift */,
				DB76AC88A9BCBA1A285C54CB /* MusicEDLColorsView.swift */,
				56FE813DD165BD1A9573EF21 /* MarkersSettingsSheet.swift */,
				33B38FD7173D39D7825D4AD8 /* GeneratedAssetSymbols.swift */,
				929CEB2AB4B10B97C2AB0217 /* SupportView.swift */,
			);
			sourceTree = "<group>";
		};
		A10000000000000000000031 /* App */ = {
			isa = PBXGroup;
			children = (
				A10000000000000000000001 /* OdileApp.swift */,
				A10000000000000000000002 /* ContentView.swift */,
				A10000000000000000000008 /* PTSLWrapper.mm */,
				A10000000000000000000007 /* PTSLWrapper.h */,
				A10000000000000000000009 /* Odile-Bridging-Header.h */,
				A1000000000000000000000B /* Assets.xcassets */,
				A10000000000000000000066 /* Fonts */,
				A10000000000000000000033 /* Models */,
				A10000000000000000000034 /* Utilities */,
			);
			path = App;
			sourceTree = "<group>";
		};
		A10000000000000000000032 /* Products */ = {
			isa = PBXGroup;
			children = (
				A10000000000000000000006 /* Odile.app */,
			);
			name = Products;
			sourceTree = "<group>";
		};
		A10000000000000000000033 /* Models */ = {
			isa = PBXGroup;
			children = (
				A10000000000000000000003 /* MusicEDLEntry.swift */,
			);
			path = Models;
			sourceTree = "<group>";
		};
		A10000000000000000000034 /* Utilities */ = {
			isa = PBXGroup;
			children = (
				A10000000000000000000004 /* AppTheme.swift */,
				A10000000000000000000005 /* Extensions.swift */,
			);
			path = Utilities;
			sourceTree = "<group>";
		};
		A10000000000000000000035 /* Vendor */ = {
			isa = PBXGroup;
			children = (
				A10000000000000000000036 /* lib */,
			);
			path = Vendor;
			sourceTree = "<group>";
		};
		A10000000000000000000036 /* lib */ = {
			isa = PBXGroup;
			children = (
				A1000000000000000000000A /* PTSLC_CPP.framework */,
			);
			path = lib;
			sourceTree = "<group>";
		};
		A10000000000000000000066 /* Fonts */ = {
			isa = PBXGroup;
			children = (
				A10000000000000000000065 /* Lobster-Regular.ttf */,
			);
			path = Fonts;
			sourceTree = "<group>";
		};
/* End PBXGroup section */

/* Begin PBXNativeTarget section */
		A10000000000000000000040 /* Odile */ = {
			isa = PBXNativeTarget;
			buildConfigurationList = A10000000000000000000050 /* Build configuration list for PBXNativeTarget "Odile" */;
			buildPhases = (
				A10000000000000000000020 /* Sources */,
				A10000000000000000000021 /* Frameworks */,
				A10000000000000000000022 /* Resources */,
				A10000000000000000000024 /* CopyFiles */,
				A10000000000000000000026 /* Re-sign Embedded PTSLC_CPP */,
			);
			buildRules = (
			);
			dependencies = (
			);
			name = Odile;
			productName = Odile;
			productReference = A10000000000000000000006 /* Odile.app */;
			productType = "com.apple.product-type.application";
		};
/* End PBXNativeTarget section */

/* Begin PBXProject section */
		A10000000000000000000041 /* Project object */ = {
			isa = PBXProject;
			attributes = {
				BuildIndependentTargetsInParallel = 1;
				LastSwiftUpdateCheck = 1600;
				LastUpgradeCheck = 1600;
				TargetAttributes = {
					A10000000000000000000040 = {
						CreatedOnToolsVersion = 16.0;
					};
				};
			};
			buildConfigurationList = A10000000000000000000051 /* Build configuration list for PBXProject "Odile" */;
			compatibilityVersion = "Xcode 14.0";
			developmentRegion = en;
			hasScannedForEncodings = 0;
			knownRegions = (
				en,
				Base,
			);
			mainGroup = A10000000000000000000030;
			productRefGroup = A10000000000000000000032 /* Products */;
			projectDirPath = "";
			projectRoot = "";
			targets = (
				A10000000000000000000040 /* Odile */,
			);
		};
/* End PBXProject section */

/* Begin PBXResourcesBuildPhase section */
		A10000000000000000000022 /* Resources */ = {
			isa = PBXResourcesBuildPhase;
			buildActionMask = 2147483647;
			files = (
				A10000000000000000000064 /* Lobster-Regular.ttf in Resources */,
				A10000000000000000000019 /* Assets.xcassets in Resources */,
			);
			runOnlyForDeploymentPostprocessing = 0;
		};
/* End PBXResourcesBuildPhase section */

/* Begin PBXShellScriptBuildPhase section */
		A10000000000000000000026 /* Re-sign Embedded PTSLC_CPP */ = {
			isa = PBXShellScriptBuildPhase;
			buildActionMask = 2147483647;
			files = (
			);
			inputFileListPaths = (
			);
			inputPaths = (
			);
			name = "Re-sign Embedded PTSLC_CPP";
			outputFileListPaths = (
			);
			outputPaths = (
			);
			runOnlyForDeploymentPostprocessing = 0;
			shellPath = /bin/sh;
			shellScript = "set -e\nFW_PATH=\"${TARGET_BUILD_DIR}/${FRAMEWORKS_FOLDER_PATH}/PTSLC_CPP.framework\"\nFW_BINARY=\"$FW_PATH/Versions/A/PTSLC_CPP\"\nFW_INFO_PLIST=\"$FW_PATH/Resources/Info.plist\"\nFW_DSYM_PATH=\"${DWARF_DSYM_FOLDER_PATH}/PTSLC_CPP.framework.dSYM\"\nVALID_FW_BUNDLE_ID=\"com.gautier.framework.PTSLCCPP\"\n\nif [ ! -d \"$FW_PATH\" ]; then\n  exit 0\nfi\n\nif [ -f \"$FW_INFO_PLIST\" ]; then\n  /usr/libexec/PlistBuddy -c \"Set :CFBundleIdentifier $VALID_FW_BUNDLE_ID\" \"$FW_INFO_PLIST\" || \\\n  /usr/libexec/PlistBuddy -c \"Add :CFBundleIdentifier string $VALID_FW_BUNDLE_ID\" \"$FW_INFO_PLIST\"\nfi\n\nif [ -f \"$FW_BINARY\" ] && [ -n \"${DWARF_DSYM_FOLDER_PATH:-}\" ]; then\n  rm -rf \"$FW_DSYM_PATH\"\n  dsymutil \"$FW_BINARY\" -o \"$FW_DSYM_PATH\" || true\nfi\n\nif [ -z \"${EXPANDED_CODE_SIGN_IDENTITY:-}\" ]; then\n  exit 0\nfi\n\n/usr/bin/codesign --force --sign \"${EXPANDED_CODE_SIGN_IDENTITY}\" --preserve-metadata=flags \"$FW_PATH\"\n";
		};
/* End PBXShellScriptBuildPhase section */

/* Begin PBXSourcesBuildPhase section */
		A10000000000000000000020 /* Sources */ = {
			isa = PBXSourcesBuildPhase;
			buildActionMask = 2147483647;
			files = (
				A10000000000000000000011 /* OdileApp.swift in Sources */,
				A10000000000000000000012 /* ContentView.swift in Sources */,
				A10000000000000000000016 /* PTSLWrapper.mm in Sources */,
				A10000000000000000000013 /* MusicEDLEntry.swift in Sources */,
				A10000000000000000000014 /* AppTheme.swift in Sources */,
				A10000000000000000000015 /* Extensions.swift in Sources */,
				E3AC82833437CA436133432E /* OdileViewModel.swift in Sources */,
				469CE7399C1263DEF5DDE525 /* NameCellView.swift in Sources */,
				9506D5951C26296A5ED7DD8A /* GogoToolbarButtonStyle.swift in Sources */,
				09705E40846E22511B48D54C /* XLSXExporter.swift in Sources */,
				EFD5ED25A1B2A3C72E977315 /* XLSXPreviewSheet.swift in Sources */,
				5757635DB605A9B9DC710FAF /* MusicEDLColorsView.swift in Sources */,
				0DD8DFC40466546954ED3A37 /* MarkersSettingsSheet.swift in Sources */,
				62FD7B60FC989662121429F7 /* SupportView.swift in Sources */,
			);
			runOnlyForDeploymentPostprocessing = 0;
		};
/* End PBXSourcesBuildPhase section */

/* Begin XCBuildConfiguration section */
		A10000000000000000000060 /* Debug */ = {
			isa = XCBuildConfiguration;
			buildSettings = {
				ALWAYS_SEARCH_USER_PATHS = NO;
				CLANG_CXX_LANGUAGE_STANDARD = "gnu++20";
				CLANG_ENABLE_MODULES = YES;
				CLANG_ENABLE_OBJC_ARC = YES;
				CLANG_WARN_BOOL_CONVERSION = YES;
				CLANG_WARN_CONSTANT_CONVERSION = YES;
				CLANG_WARN_DEPRECATED_OBJC_IMPLEMENTATIONS = YES;
				CLANG_WARN_DIRECT_OBJC_ISA_USAGE = YES_ERROR;
				CLANG_WARN_DOCUMENTATION_COMMENTS = YES;
				CLANG_WARN_EMPTY_BODY = YES;
				CLANG_WARN_ENUM_CONVERSION = YES;
				CLANG_WARN_INFINITE_RECURSION = YES;
				CLANG_WARN_INT_CONVERSION = YES;
				CLANG_WARN_OBJC_IMPLICIT_RETAIN_SELF = YES;
				CLANG_WARN_OBJC_LITERAL_CONVERSION = YES;
				CLANG_WARN_QUOTED_INCLUDE_IN_FRAMEWORK_HEADER = YES;
				CLANG_WARN_RANGE_LOOP_ANALYSIS = YES;
				CLANG_WARN_STRICT_PROTOTYPES = YES;
				CLANG_WARN_SUSPICIOUS_MOVE = YES;
				CLANG_WARN_UNGUARDED_AVAILABILITY = YES_AGGRESSIVE;
				CLANG_WARN_UNREACHABLE_CODE = YES;
				COPY_PHASE_STRIP = NO;
				DEBUG_INFORMATION_FORMAT = dwarf;
				ENABLE_STRICT_OBJC_MSGSEND = YES;
				ENABLE_TESTABILITY = YES;
				GCC_C_LANGUAGE_STANDARD = gnu17;
				GCC_DYNAMIC_NO_PIC = NO;
				GCC_NO_COMMON_BLOCKS = YES;
				GCC_OPTIMIZATION_LEVEL = 0;
				GCC_PREPROCESSOR_DEFINITIONS = (
					"DEBUG=1",
					"$(inherited)",
				);
				GCC_WARN_64_TO_32_BIT_CONVERSION = YES;
				GCC_WARN_ABOUT_RETURN_TYPE = YES_ERROR;
				GCC_WARN_UNDECLARED_SELECTOR = YES;
				GCC_WARN_UNINITIALIZED_AUTOS = YES_AGGRESSIVE;
				GCC_WARN_UNUSED_FUNCTION = YES;
				GCC_WARN_UNUSED_VARIABLE = YES;
				MACOSX_DEPLOYMENT_TARGET = 13.0;
				MTL_ENABLE_DEBUG_INFO = INCLUDE_SOURCE;
				MTL_FAST_MATH = YES;
				ONLY_ACTIVE_ARCH = YES;
				SDKROOT = macosx;
				SWIFT_ACTIVE_COMPILATION_CONDITIONS = DEBUG;
				SWIFT_OPTIMIZATION_LEVEL = "-Onone";
			};
			name = Debug;
		};
		A10000000000000000000061 /* Release */ = {
			isa = XCBuildConfiguration;
			buildSettings = {
				ALWAYS_SEARCH_USER_PATHS = NO;
				CLANG_CXX_LANGUAGE_STANDARD = "gnu++20";
				CLANG_ENABLE_MODULES = YES;
				CLANG_ENABLE_OBJC_ARC = YES;
				CLANG_WARN_BOOL_CONVERSION = YES;
				CLANG_WARN_CONSTANT_CONVERSION = YES;
				CLANG_WARN_DEPRECATED_OBJC_IMPLEMENTATIONS = YES;
				CLANG_WARN_DIRECT_OBJC_ISA_USAGE = YES_ERROR;
				CLANG_WARN_DOCUMENTATION_COMMENTS = YES;
				CLANG_WARN_EMPTY_BODY = YES;
				CLANG_WARN_ENUM_CONVERSION = YES;
				CLANG_WARN_INFINITE_RECURSION = YES;
				CLANG_WARN_INT_CONVERSION = YES;
				CLANG_WARN_OBJC_IMPLICIT_RETAIN_SELF = YES;
				CLANG_WARN_OBJC_LITERAL_CONVERSION = YES;
				CLANG_WARN_QUOTED_INCLUDE_IN_FRAMEWORK_HEADER = YES;
				CLANG_WARN_RANGE_LOOP_ANALYSIS = YES;
				CLANG_WARN_STRICT_PROTOTYPES = YES;
				CLANG_WARN_SUSPICIOUS_MOVE = YES;
				CLANG_WARN_UNGUARDED_AVAILABILITY = YES_AGGRESSIVE;
				CLANG_WARN_UNREACHABLE_CODE = YES;
				COPY_PHASE_STRIP = NO;
				DEBUG_INFORMATION_FORMAT = "dwarf-with-dsym";
				ENABLE_NS_ASSERTIONS = NO;
				ENABLE_STRICT_OBJC_MSGSEND = YES;
				GCC_C_LANGUAGE_STANDARD = gnu17;
				GCC_NO_COMMON_BLOCKS = YES;
				GCC_WARN_64_TO_32_BIT_CONVERSION = YES;
				GCC_WARN_ABOUT_RETURN_TYPE = YES_ERROR;
				GCC_WARN_UNDECLARED_SELECTOR = YES;
				GCC_WARN_UNINITIALIZED_AUTOS = YES_AGGRESSIVE;
				GCC_WARN_UNUSED_FUNCTION = YES;
				GCC_WARN_UNUSED_VARIABLE = YES;
				MACOSX_DEPLOYMENT_TARGET = 13.0;
				MTL_ENABLE_DEBUG_INFO = NO;
				MTL_FAST_MATH = YES;
				SDKROOT = macosx;
				SWIFT_COMPILATION_MODE = wholemodule;
				SWIFT_OPTIMIZATION_LEVEL = "-O";
				VALIDATE_PRODUCT = YES;
			};
			name = Release;
		};
		A10000000000000000000062 /* Debug */ = {
			isa = XCBuildConfiguration;
			buildSettings = {
				ASSETCATALOG_COMPILER_APPICON_NAME = AppIcon;
				CODE_SIGN_ENTITLEMENTS = App/Odile.entitlements;
				CODE_SIGN_STYLE = Automatic;
				CURRENT_PROJECT_VERSION = 1;
				DEVELOPMENT_TEAM = 4U78WUV7T6;
				ENABLE_HARDENED_RUNTIME = YES;
				FRAMEWORK_SEARCH_PATHS = (
					"$(inherited)",
					"$(SRCROOT)/Vendor/lib",
					"$(PROJECT_DIR)/Vendor/lib",
				);
				GENERATE_INFOPLIST_FILE = YES;
				INFOPLIST_KEY_CFBundleDisplayName = "Odile!";
				INFOPLIST_KEY_LSApplicationCategoryType = "public.app-category.music";
				INFOPLIST_KEY_ITSAppUsesNonExemptEncryption = NO;
				INFOPLIST_KEY_NSHumanReadableCopyright = "";
				INFOPLIST_KEY_UIAppFonts = "App/Fonts/Lobster-Regular.ttf";
				LD_RUNPATH_SEARCH_PATHS = (
					"$(inherited)",
					"@executable_path/../Frameworks",
				);
				MARKETING_VERSION = 1.0;
				PRODUCT_BUNDLE_IDENTIFIER = com.gautier.odile;
				PRODUCT_NAME = "$(TARGET_NAME)";
				REGISTER_APP_GROUPS = NO;
				SWIFT_EMIT_LOC_STRINGS = YES;
				SWIFT_OBJC_BRIDGING_HEADER = "App/Odile-Bridging-Header.h";
				SWIFT_VERSION = 5.0;
				USER_HEADER_SEARCH_PATHS = "$(SRCROOT)/Vendor/ptsl_source";
			};
			name = Debug;
		};
		A10000000000000000000063 /* Release */ = {
			isa = XCBuildConfiguration;
			buildSettings = {
				ASSETCATALOG_COMPILER_APPICON_NAME = AppIcon;
				CODE_SIGN_ENTITLEMENTS = App/Odile.entitlements;
				CODE_SIGN_STYLE = Automatic;
				CURRENT_PROJECT_VERSION = 1;
				DEVELOPMENT_TEAM = 4U78WUV7T6;
				ENABLE_HARDENED_RUNTIME = YES;
				FRAMEWORK_SEARCH_PATHS = (
					"$(inherited)",
					"$(SRCROOT)/Vendor/lib",
					"$(PROJECT_DIR)/Vendor/lib",
				);
				GENERATE_INFOPLIST_FILE = YES;
				INFOPLIST_KEY_CFBundleDisplayName = "Odile!";
				INFOPLIST_KEY_LSApplicationCategoryType = "public.app-category.music";
				INFOPLIST_KEY_ITSAppUsesNonExemptEncryption = NO;
				INFOPLIST_KEY_NSHumanReadableCopyright = "";
				INFOPLIST_KEY_UIAppFonts = "App/Fonts/Lobster-Regular.ttf";
				LD_RUNPATH_SEARCH_PATHS = (
					"$(inherited)",
					"@executable_path/../Frameworks",
				);
				MARKETING_VERSION = 1.0;
				PRODUCT_BUNDLE_IDENTIFIER = com.gautier.odile;
				PRODUCT_NAME = "$(TARGET_NAME)";
				REGISTER_APP_GROUPS = NO;
				SWIFT_EMIT_LOC_STRINGS = YES;
				SWIFT_OBJC_BRIDGING_HEADER = "App/Odile-Bridging-Header.h";
				SWIFT_VERSION = 5.0;
				USER_HEADER_SEARCH_PATHS = "$(SRCROOT)/Vendor/ptsl_source";
			};
			name = Release;
		};
/* End XCBuildConfiguration section */

/* Begin XCConfigurationList section */
		A10000000000000000000050 /* Build configuration list for PBXNativeTarget "Odile" */ = {
			isa = XCConfigurationList;
			buildConfigurations = (
				A10000000000000000000062 /* Debug */,
				A10000000000000000000063 /* Release */,
			);
			defaultConfigurationIsVisible = 0;
			defaultConfigurationName = Release;
		};
		A10000000000000000000051 /* Build configuration list for PBXProject "Odile" */ = {
			isa = XCConfigurationList;
			buildConfigurations = (
				A10000000000000000000060 /* Debug */,
				A10000000000000000000061 /* Release */,
			);
			defaultConfigurationIsVisible = 0;
			defaultConfigurationName = Release;
		};
/* End XCConfigurationList section */
	};
	rootObject = A10000000000000000000041 /* Project object */;
}
